<?xml version="1.0" encoding="utf-8"?>
<Project ToolsVersion="4.0" xmlns="http://schemas.microsoft.com/developer/msbuild/2003">
  <ItemGroup>
    <ClCompile Include="service\app_config.cpp" />
    <ClCompile Include="service\i18n_service.cpp" />
    <ClCompile Include="service\icon_storage.cpp" />
    <ClCompile Include="mod_manager_app.cpp" />
    <ClCompile Include="service\platform_service.cpp" />
    <ClCompile Include="stdafx.cpp" />
    <ClCompile Include="ui\error_view.cpp" />
    <ClCompile Include="ui\main_frame.cpp" />
    <ClCompile Include="ui\manage_preset_list_view.cpp" />
    <ClCompile Include="ui\mod_list_model.cpp" />
    <ClCompile Include="ui\select_directory_view.cpp" />
    <ClCompile Include="ui\select_exe.cpp" />
    <ClCompile Include="ui\mod_list_view.cpp" />
    <ClCompile Include="utility\fs_util.cpp" />
    <ClCompile Include="utility\json_util.cpp" />
    <ClCompile Include="utility\shell_util.cpp" />
    <ClCompile Include="wx\data_view_multiple_icons_renderer.cpp" />
    <ClCompile Include="wx\priority_data_renderer.cpp" />
    <ClCompile Include="ui\show_file_list_dialog.cpp" />
    <ClCompile Include="era2\era2_config.cpp" />
    <ClCompile Include="era2\era2_launch_helper.cpp" />
    <ClCompile Include="era2\era2_mod_manager.cpp" />
    <ClCompile Include="era2\era2_platform.cpp" />
    <ClCompile Include="era2\era2_platform_descriptor.cpp" />
    <ClCompile Include="era2\era2_preset_manager.cpp" />
    <ClCompile Include="era2\era2_mod_data_loader.cpp" />
    <ClCompile Include="era2\era2_mod_data_provider.cpp" />
    <ClCompile Include="domain\mod_list.cpp" />
    <ClCompile Include="ui\choose_conflict_resolve_mode_view.cpp" />
    <ClCompile Include="domain\mod_conflict_resolver.cpp" />
    <ClCompile Include="ui\image_gallery_view.cpp" />
    <ClCompile Include="ui\icon_helper.cpp" />
    <ClCompile Include="ui\export_preset_dialog.cpp" />
    <ClCompile Include="ui\import_preset_dialog.cpp" />
    <ClCompile Include="ui\configure_main_list_view.cpp" />
    <ClCompile Include="utility\program_update_helper.cpp" />
    <ClCompile Include="ui\application_settings_dialog.cpp" />
    <ClCompile Include="utility\wx_current_dir_helper.cpp" />
    <ClCompile Include="type\program_version.cpp" />
  </ItemGroup>
  <ItemGroup>
    <ClInclude Include="application.h" />
    <ClInclude Include="service\i18n_service.h" />
    <ClInclude Include="mod_manager_app.h" />
    <ClInclude Include="service\platform_service.h" />
    <ClInclude Include="stdafx.h" />
    <ClInclude Include="type\icon.hpp" />
    <ClInclude Include="type\main_window_properties.h" />
    <ClInclude Include="ui\error_view.h" />
    <ClInclude Include="ui\main_frame.h" />
    <ClInclude Include="ui\mod_list_model.h" />
    <ClInclude Include="ui\select_directory_view.h" />
    <ClInclude Include="ui\select_exe.h" />
    <ClInclude Include="ui\mod_list_view.h" />
    <ClInclude Include="utility\sdlexcept.h" />
    <ClInclude Include="utility\fs_util.h" />
    <ClInclude Include="utility\json_util.h" />
    <ClInclude Include="utility\shell_util.h" />
    <ClInclude Include="wx\data_view_multiple_icons_renderer.h" />
    <ClInclude Include="wx\priority_data_renderer.h" />
    <ClInclude Include="ui\show_file_list_dialog.hpp" />
    <ClInclude Include="interface\imod_manager.hpp" />
    <ClInclude Include="era2\era2_directory_structure.hpp" />
    <ClInclude Include="era2\era2_mod_manager.hpp" />
    <ClInclude Include="era2\era2_platform.h" />
    <ClInclude Include="era2\era2_preset_manager.hpp" />
    <ClInclude Include="interface\ii18n_service.hpp" />
    <ClInclude Include="system_info.hpp" />
    <ClInclude Include="domain\mod_metadata.hpp" />
    <ClInclude Include="domain\mod_data.hpp" />
    <ClInclude Include="era2\era2_mod_data_loader.hpp" />
    <ClInclude Include="interface\imod_platform.hpp" />
    <ClInclude Include="interface\imod_data_provider.hpp" />
    <ClInclude Include="domain\mod_list.hpp" />
    <ClInclude Include="era2\era2_mod_data_provider.hpp" />
    <ClInclude Include="utility\wx_widgets_ptr.hpp" />
    <ClInclude Include="domain\mod_conflict_resolver.hpp" />
    <ClInclude Include="type\conflict_resolve_mode.hpp" />
    <ClInclude Include="ui\choose_conflict_resolve_mode_view.hpp" />
    <ClInclude Include="interface\ipreset_manager.hpp" />
    <ClInclude Include="ui\manage_preset_list_view.hpp" />
    <ClInclude Include="type\filesystem.hpp" />
    <ClInclude Include="license.hpp" />
    <ClInclude Include="ui\image_gallery_view.hpp" />
    <ClInclude Include="era2\era2_launch_helper.hpp" />
    <ClInclude Include="service\app_config.hpp" />
    <ClInclude Include="service\icon_storage.hpp" />
    <ClInclude Include="interface\ilaunch_helper.hpp" />
    <ClInclude Include="interface\iapp_config.hpp" />
    <ClInclude Include="interface\iicon_storage.hpp" />
    <ClInclude Include="era2\era2_config.hpp" />
    <ClInclude Include="era2\era2_platform_descriptor.hpp" />
    <ClInclude Include="interface\ilocal_config.hpp" />
    <ClInclude Include="interface\iplatform_descriptor.hpp" />
    <ClInclude Include="interface\iplatform_service.hpp" />
    <ClInclude Include="ui\icon_helper.hpp" />
    <ClInclude Include="ui\export_preset_dialog.hpp" />
    <ClInclude Include="domain\preset_data.hpp" />
    <ClInclude Include="ui\import_preset_dialog.hpp" />
    <ClInclude Include="version.hpp" />
    <ClInclude Include="type\mod_list_model_structs.hpp" />
    <ClInclude Include="ui\configure_main_list_view.h" />
    <ClInclude Include="utility\program_update_helper.hpp" />
    <ClInclude Include="type\chrono.hpp" />
    <ClInclude Include="type\update_check_mode.hpp" />
    <ClInclude Include="ui\application_settings_dialog.h" />
    <ClInclude Include="type\mod_description_used_control.hpp" />
    <ClInclude Include="type\interface_size.hpp" />
    <ClInclude Include="utility\wx_current_dir_helper.hpp" />
    <ClInclude Include="type\interface_label.hpp" />
    <ClInclude Include="type\program_version.hpp" />
  </ItemGroup>
  <ItemGroup>
    <ResourceCompile Include="main.rc" />
  </ItemGroup>
</Project>